
Microsoft Visual Studio Solution File, Format Version 12.00
# Visual Studio Version 16
VisualStudioVersion = 16.0.32407.337
MinimumVisualStudioVersion = 10.0.40219.1
Project("{FAE04EC0-301F-11D3-BF4B-00C04F79EFBC}") = "EvenDigit", "EvenDigit\EvenDigit.csproj", "{1A6765AC-6CCA-425E-8165-B8A3977E1657}"
EndProject
Global
	GlobalSection(SolutionConfigurationPlatforms) = preSolution
		Debug|Any CPU = Debug|Any CPU
		Release|Any CPU = Release|Any CPU
	EndGlobalSection
	GlobalSection(ProjectConfigurationPlatforms) = postSolution
		{1A6765AC-6CCA-425E-8165-B8A3977E1657}.Debug|Any CPU.ActiveCfg = Debug|Any CPU
		{1A6765AC-6CCA-425E-8165-B8A3977E1657}.Debug|Any CPU.Build.0 = Debug|Any CPU
		{1A6765AC-6CCA-425E-8165-B8A3977E1657}.Release|Any CPU.ActiveCfg = Release|Any CPU
		{1A6765AC-6CCA-425E-8165-B8A3977E1657}.Release|Any CPU.Build.0 = Release|Any CPU
	EndGlobalSection
	GlobalSection(SolutionProperties) = preSolution
		HideSolutionNode = FALSE
	EndGlobalSection
	GlobalSection(ExtensibilityGlobals) = postSolution
		SolutionGuid = {0D6A96C3-CF3D-49CC-BA83-E4C44799E951}
	EndGlobalSection
EndGlobal
